
Microsoft Visual Studio Solution File, Format Version 12.00
# Visual Studio Version 17
VisualStudioVersion = 17.5.33516.290
MinimumVisualStudioVersion = 10.0.40219.1
Project("{FAE04EC0-301F-11D3-BF4B-00C04F79EFBC}") = "Aoc1", "Aoc1.csproj", "{801CF950-B70E-4F22-B73D-B1D05FC76A95}"
EndProject
Global
	GlobalSection(SolutionConfigurationPlatforms) = preSolution
		Debug|Any CPU = Debug|Any CPU
		Release|Any CPU = Release|Any CPU
	EndGlobalSection
	GlobalSection(ProjectConfigurationPlatforms) = postSolution
		{801CF950-B70E-4F22-B73D-B1D05FC76A95}.Debug|Any CPU.ActiveCfg = Debug|Any CPU
		{801CF950-B70E-4F22-B73D-B1D05FC76A95}.Debug|Any CPU.Build.0 = Debug|Any CPU
		{801CF950-B70E-4F22-B73D-B1D05FC76A95}.Release|Any CPU.ActiveCfg = Release|Any CPU
		{801CF950-B70E-4F22-B73D-B1D05FC76A95}.Release|Any CPU.Build.0 = Release|Any CPU
	EndGlobalSection
	GlobalSection(SolutionProperties) = preSolution
		HideSolutionNode = FALSE
	EndGlobalSection
	GlobalSection(ExtensibilityGlobals) = postSolution
		SolutionGuid = {BFCFCA0C-2987-493C-BA1D-DA345F1AC654}
	EndGlobalSection
EndGlobal
